
Microsoft Visual Studio Solution File, Format Version 12.00
# Visual Studio 15
VisualStudioVersion = 15.0.27703.2042
MinimumVisualStudioVersion = 10.0.40219.1
Project("{FAE04EC0-301F-11D3-BF4B-00C04F79EFBC}") = "ExamWPF", "ExamWPF\ExamWPF.csproj", "{BF39AFD4-8E31-40EC-A8A4-A7E6FC62D787}"
EndProject
Global
	GlobalSection(SolutionConfigurationPlatforms) = preSolution
		Debug|Any CPU = Debug|Any CPU
		Release|Any CPU = Release|Any CPU
	EndGlobalSection
	GlobalSection(ProjectConfigurationPlatforms) = postSolution
		{BF39AFD4-8E31-40EC-A8A4-A7E6FC62D787}.Debug|Any CPU.ActiveCfg = Debug|Any CPU
		{BF39AFD4-8E31-40EC-A8A4-A7E6FC62D787}.Debug|Any CPU.Build.0 = Debug|Any CPU
		{BF39AFD4-8E31-40EC-A8A4-A7E6FC62D787}.Release|Any CPU.ActiveCfg = Release|Any CPU
		{BF39AFD4-8E31-40EC-A8A4-A7E6FC62D787}.Release|Any CPU.Build.0 = Release|Any CPU
	EndGlobalSection
	GlobalSection(SolutionProperties) = preSolution
		HideSolutionNode = FALSE
	EndGlobalSection
	GlobalSection(ExtensibilityGlobals) = postSolution
		SolutionGuid = {C69A3861-404F-4B79-B7D1-EC947F999A7F}
	EndGlobalSection
EndGlobal
